{
    "name": "drones",
    "version": "1.0.0",
    "lockfileVersion": 1,
    "requires": true,
    "dependencies": {
        "rxjs": {
            "version": "5.5.10",
            "resolved": "https://registry.npmjs.org/rxjs/-/rxjs-5.5.10.tgz",
            "integrity": "sha512-SRjimIDUHJkon+2hFo7xnvNC4ZEHGzCRwh9P7nzX3zPkCGFEg/tuElrNR7L/rZMagnK2JeH2jQwPRpmyXyLB6A==",
            "requires": {
                "symbol-observable": "1.0.1"
            }
        },
        "symbol-observable": {
            "version": "1.0.1",
            "resolved": "https://registry.npmjs.org/symbol-observable/-/symbol-observable-1.0.1.tgz",
            "integrity": "sha1-g0D8RwLDEi310iKI+IKD9RPT/dQ="
        },
        "systemjs": {
            "version": "0.21.3",
            "resolved": "https://registry.npmjs.org/systemjs/-/systemjs-0.21.3.tgz",
            "integrity": "sha512-1x0kczVnT83fq/nE3ysXra9EEhOKv4+cMS95YkexWY8128J2VL8rk/nTWZig8qoY4/ZKZwZQWOECPx3XgAjjiA=="
        },
        "typescript": {
            "version": "2.8.3",
            "resolved": "https://registry.npmjs.org/typescript/-/typescript-2.8.3.tgz",
            "integrity": "sha512-K7g15Bb6Ra4lKf7Iq2l/I5/En+hLIHmxWZGq3D4DIRNFxMNV6j2SHSvDOqs2tGd4UvD/fJvrwopzQXjLrT7Itw=="
        }
    }
}
